
Microsoft Visual Studio Solution File, Format Version 12.00
# Visual Studio Version 16
VisualStudioVersion = 16.0.30204.135
MinimumVisualStudioVersion = 10.0.40219.1
Project("{FAE04EC0-301F-11D3-BF4B-00C04F79EFBC}") = "james", "james\james.csproj", "{10FCF61F-456E-4F54-9068-5B05ABD25C51}"
EndProject
Global
	GlobalSection(SolutionConfigurationPlatforms) = preSolution
		Debug|Any CPU = Debug|Any CPU
		Release|Any CPU = Release|Any CPU
	EndGlobalSection
	GlobalSection(ProjectConfigurationPlatforms) = postSolution
		{10FCF61F-456E-4F54-9068-5B05ABD25C51}.Debug|Any CPU.ActiveCfg = Debug|Any CPU
		{10FCF61F-456E-4F54-9068-5B05ABD25C51}.Debug|Any CPU.Build.0 = Debug|Any CPU
		{10FCF61F-456E-4F54-9068-5B05ABD25C51}.Release|Any CPU.ActiveCfg = Release|Any CPU
		{10FCF61F-456E-4F54-9068-5B05ABD25C51}.Release|Any CPU.Build.0 = Release|Any CPU
	EndGlobalSection
	GlobalSection(SolutionProperties) = preSolution
		HideSolutionNode = FALSE
	EndGlobalSection
	GlobalSection(ExtensibilityGlobals) = postSolution
		SolutionGuid = {F02A3DBE-4F3D-4BE1-8C3B-26FF7E2D3DFB}
	EndGlobalSection
EndGlobal
